
Microsoft Visual Studio Solution File, Format Version 12.00
# Visual Studio Version 16
VisualStudioVersion = 16.0.29806.167
MinimumVisualStudioVersion = 10.0.40219.1
Project("{9092AA53-FB77-4645-B42D-1CCCA6BD08BD}") = "NodejsWebApp1", "NodejsWebApp1\NodejsWebApp1.njsproj", "{AF421554-DEA8-4E74-BA17-FD1F8708E5D7}"
EndProject
Global
	GlobalSection(SolutionConfigurationPlatforms) = preSolution
		Debug|Any CPU = Debug|Any CPU
		Release|Any CPU = Release|Any CPU
	EndGlobalSection
	GlobalSection(ProjectConfigurationPlatforms) = postSolution
		{AF421554-DEA8-4E74-BA17-FD1F8708E5D7}.Debug|Any CPU.ActiveCfg = Debug|Any CPU
		{AF421554-DEA8-4E74-BA17-FD1F8708E5D7}.Debug|Any CPU.Build.0 = Debug|Any CPU
		{AF421554-DEA8-4E74-BA17-FD1F8708E5D7}.Release|Any CPU.ActiveCfg = Release|Any CPU
		{AF421554-DEA8-4E74-BA17-FD1F8708E5D7}.Release|Any CPU.Build.0 = Release|Any CPU
	EndGlobalSection
	GlobalSection(SolutionProperties) = preSolution
		HideSolutionNode = FALSE
	EndGlobalSection
	GlobalSection(ExtensibilityGlobals) = postSolution
		SolutionGuid = {B4212190-E7CA-4721-A657-4B87A3D6FF62}
	EndGlobalSection
EndGlobal
